
Microsoft Visual Studio Solution File, Format Version 12.00
# Visual Studio 15
VisualStudioVersion = 15.0.26228.9
MinimumVisualStudioVersion = 10.0.40219.1
Project("{2150E333-8FDC-42A3-9474-1A3956D46DE8}") = "00 - Common", "00 - Common", "{E361AD31-877A-45F3-BCEB-F5FE08465B57}"
EndProject
Project("{2150E333-8FDC-42A3-9474-1A3956D46DE8}") = "01 - Data Layer", "01 - Data Layer", "{0C39566C-4474-4970-ADDD-D02C9E3F6C5E}"
EndProject
Project("{2150E333-8FDC-42A3-9474-1A3956D46DE8}") = "02 - Business Layer", "02 - Business Layer", "{E7828CD5-6D8F-4E10-A94A-7D02E4D67D42}"
EndProject
Project("{2150E333-8FDC-42A3-9474-1A3956D46DE8}") = "01-1 - Data Broker", "01-1 - Data Broker", "{D5006AD2-2329-4A41-8508-C6E6442E4358}"
EndProject
Project("{2150E333-8FDC-42A3-9474-1A3956D46DE8}") = "01-2 - Object Model", "01-2 - Object Model", "{A16A219C-11BC-4F99-94B9-24212D8D161B}"
EndProject
Project("{2150E333-8FDC-42A3-9474-1A3956D46DE8}") = "01-3 - Repository Activities", "01-3 - Repository Activities", "{581E1BE9-4C1B-40BF-BC3F-957A687D5D9C}"
EndProject
Project("{2150E333-8FDC-42A3-9474-1A3956D46DE8}") = "02-1 - Interfaces", "02-1 - Interfaces", "{CDFB7CA5-CA7D-43D7-B23F-28BE8B70CEFB}"
EndProject
Project("{2150E333-8FDC-42A3-9474-1A3956D46DE8}") = "02-2 - Implementation", "02-2 - Implementation", "{78B8F228-8F5B-4A8A-84CF-469CA2CB32B0}"
EndProject
Project("{FAE04EC0-301F-11D3-BF4B-00C04F79EFBC}") = "DataBroker", "01 - Data Layer\01-1 - Data Broker\DataBroker\DataBroker.csproj", "{6DAF3B24-E5C8-4E4C-8FB3-6CAA9EF30AFA}"
EndProject
Project("{FAE04EC0-301F-11D3-BF4B-00C04F79EFBC}") = "ObjectModel", "01 - Data Layer\01-2 - Object Model\ObjectModel\ObjectModel.csproj", "{3A055AEA-E635-4E08-93A5-108F21890096}"
EndProject
Project("{2150E333-8FDC-42A3-9474-1A3956D46DE8}") = "03 - Service Layer", "03 - Service Layer", "{C70E75FA-6C14-445A-8E6F-C19A13303D06}"
EndProject
Project("{2150E333-8FDC-42A3-9474-1A3956D46DE8}") = "04 - Client Layer", "04 - Client Layer", "{73DFC737-6717-43B8-98D2-8EEF6AA0CA21}"
EndProject
Project("{FAE04EC0-301F-11D3-BF4B-00C04F79EFBC}") = "ConsoleApp", "04 - Client Layer\ConsoleApp\ConsoleApp.csproj", "{14791856-C5C8-4FD4-BD2B-48B6E628A681}"
EndProject
Project("{FAE04EC0-301F-11D3-BF4B-00C04F79EFBC}") = "IOrganizationManager", "02 - Business Layer\02-1 - Interfaces\IOrganizationManager\IOrganizationManager.csproj", "{3C7369DC-262A-4442-A5F0-C66432185710}"
EndProject
Project("{FAE04EC0-301F-11D3-BF4B-00C04F79EFBC}") = "OrganizationManager", "02 - Business Layer\02-2 - Implementation\OrganizationManager\OrganizationManager.csproj", "{91A17CFE-0F8A-419B-97A3-97827FAEF0FD}"
EndProject
Project("{2150E333-8FDC-42A3-9474-1A3956D46DE8}") = "00-1 - Composition", "00-1 - Composition", "{004C6657-ECB7-4BBD-821B-EB0368D1EB03}"
EndProject
Project("{2150E333-8FDC-42A3-9474-1A3956D46DE8}") = "00-2 - Logging", "00-2 - Logging", "{98C252A8-950F-4F22-89EF-DD2C6D70FCB9}"
EndProject
Project("{FAE04EC0-301F-11D3-BF4B-00C04F79EFBC}") = "CompositionRoot", "00 - Common\00-1 - Composition\CompositionRoot\CompositionRoot.csproj", "{EB20CC1D-ECE6-4BF5-B788-FFB183F03FE0}"
EndProject
Project("{FAE04EC0-301F-11D3-BF4B-00C04F79EFBC}") = "ILogging", "00 - Common\00-2 - Logging\LoggingInterface\ILogging.csproj", "{3BF8DDCE-0E82-4BAE-9B5A-3F6962D7870C}"
EndProject
Project("{FAE04EC0-301F-11D3-BF4B-00C04F79EFBC}") = "NLogLogger", "00 - Common\00-2 - Logging\NLogLogger\NLogLogger.csproj", "{967EEA56-A698-47E2-9CF2-F1B4E12C1B10}"
EndProject
Project("{2150E333-8FDC-42A3-9474-1A3956D46DE8}") = "01-3-1 - Interfaces", "01-3-1 - Interfaces", "{FCFF2344-E444-4F83-93D0-24D99E200CDA}"
EndProject
Project("{2150E333-8FDC-42A3-9474-1A3956D46DE8}") = "01-3-2 - Implementation", "01-3-2 - Implementation", "{43E37D68-6E0F-495F-9F00-12784648FDC3}"
EndProject
Project("{FAE04EC0-301F-11D3-BF4B-00C04F79EFBC}") = "RepositoryActivities", "01 - Data Layer\01-3 - Repository Activities\01-3-2 - Implementation\RepositoryActivities\RepositoryActivities.csproj", "{C9025385-3EBF-4DF3-A181-23BFD55F0B87}"
EndProject
Project("{FAE04EC0-301F-11D3-BF4B-00C04F79EFBC}") = "IContextFactory", "01 - Data Layer\01-3 - Repository Activities\01-3-1 - Interfaces\IContextFactory\IContextFactory.csproj", "{F6CB7814-B047-4BA1-9BD4-9FF8C8797920}"
EndProject
Project("{FAE04EC0-301F-11D3-BF4B-00C04F79EFBC}") = "IRepositoryActivities", "01 - Data Layer\01-3 - Repository Activities\01-3-1 - Interfaces\IRepositoryActivities\IRepositoryActivities.csproj", "{A2E683E8-71A1-4636-949D-A2D8FEA48E3E}"
EndProject
Project("{FAE04EC0-301F-11D3-BF4B-00C04F79EFBC}") = "ContextFactory", "01 - Data Layer\01-3 - Repository Activities\01-3-2 - Implementation\ContextFactory\ContextFactory.csproj", "{A7AB008C-6908-4FBB-82D9-02F093ED5186}"
EndProject
Project("{2150E333-8FDC-42A3-9474-1A3956D46DE8}") = "OWIN-Katana Web API", "OWIN-Katana Web API", "{F7F05DAA-1802-476C-8BF0-16CD3FA5AD01}"
EndProject
Project("{FAE04EC0-301F-11D3-BF4B-00C04F79EFBC}") = "AnalyticsServiceAPI", "03 - Service Layer\OWIN-Katana Web API\AnalyticsServiceAPI\AnalyticsServiceAPI.csproj", "{F4DB852C-7B56-4AB2-9FA6-165680487AF1}"
EndProject
Project("{FAE04EC0-301F-11D3-BF4B-00C04F79EFBC}") = "IExpandableEntityFactory", "IExpandableEntityFactory\IExpandableEntityFactory.csproj", "{57216CED-0A70-4FB4-9D27-F78019E2729A}"
EndProject
Project("{FAE04EC0-301F-11D3-BF4B-00C04F79EFBC}") = "ExpandableEntityFactory", "ExpandableEntityFactory\ExpandableEntityFactory.csproj", "{A8FD27C6-4C30-47BF-9BC7-CE417DD285C5}"
EndProject
Project("{FAE04EC0-301F-11D3-BF4B-00C04F79EFBC}") = "ConsoleWebApiClient", "ConsoleWebApiClient\ConsoleWebApiClient.csproj", "{46C71542-2CE4-4D9B-A961-A1C88B8B68F4}"
EndProject
Global
	GlobalSection(SolutionConfigurationPlatforms) = preSolution
		Debug|Any CPU = Debug|Any CPU
		Release|Any CPU = Release|Any CPU
	EndGlobalSection
	GlobalSection(ProjectConfigurationPlatforms) = postSolution
		{6DAF3B24-E5C8-4E4C-8FB3-6CAA9EF30AFA}.Debug|Any CPU.ActiveCfg = Debug|Any CPU
		{6DAF3B24-E5C8-4E4C-8FB3-6CAA9EF30AFA}.Debug|Any CPU.Build.0 = Debug|Any CPU
		{6DAF3B24-E5C8-4E4C-8FB3-6CAA9EF30AFA}.Release|Any CPU.ActiveCfg = Release|Any CPU
		{6DAF3B24-E5C8-4E4C-8FB3-6CAA9EF30AFA}.Release|Any CPU.Build.0 = Release|Any CPU
		{3A055AEA-E635-4E08-93A5-108F21890096}.Debug|Any CPU.ActiveCfg = Debug|Any CPU
		{3A055AEA-E635-4E08-93A5-108F21890096}.Debug|Any CPU.Build.0 = Debug|Any CPU
		{3A055AEA-E635-4E08-93A5-108F21890096}.Release|Any CPU.ActiveCfg = Release|Any CPU
		{3A055AEA-E635-4E08-93A5-108F21890096}.Release|Any CPU.Build.0 = Release|Any CPU
		{14791856-C5C8-4FD4-BD2B-48B6E628A681}.Debug|Any CPU.ActiveCfg = Debug|Any CPU
		{14791856-C5C8-4FD4-BD2B-48B6E628A681}.Debug|Any CPU.Build.0 = Debug|Any CPU
		{14791856-C5C8-4FD4-BD2B-48B6E628A681}.Release|Any CPU.ActiveCfg = Release|Any CPU
		{14791856-C5C8-4FD4-BD2B-48B6E628A681}.Release|Any CPU.Build.0 = Release|Any CPU
		{3C7369DC-262A-4442-A5F0-C66432185710}.Debug|Any CPU.ActiveCfg = Debug|Any CPU
		{3C7369DC-262A-4442-A5F0-C66432185710}.Debug|Any CPU.Build.0 = Debug|Any CPU
		{3C7369DC-262A-4442-A5F0-C66432185710}.Release|Any CPU.ActiveCfg = Release|Any CPU
		{3C7369DC-262A-4442-A5F0-C66432185710}.Release|Any CPU.Build.0 = Release|Any CPU
		{91A17CFE-0F8A-419B-97A3-97827FAEF0FD}.Debug|Any CPU.ActiveCfg = Debug|Any CPU
		{91A17CFE-0F8A-419B-97A3-97827FAEF0FD}.Debug|Any CPU.Build.0 = Debug|Any CPU
		{91A17CFE-0F8A-419B-97A3-97827FAEF0FD}.Release|Any CPU.ActiveCfg = Release|Any CPU
		{91A17CFE-0F8A-419B-97A3-97827FAEF0FD}.Release|Any CPU.Build.0 = Release|Any CPU
		{EB20CC1D-ECE6-4BF5-B788-FFB183F03FE0}.Debug|Any CPU.ActiveCfg = Debug|Any CPU
		{EB20CC1D-ECE6-4BF5-B788-FFB183F03FE0}.Debug|Any CPU.Build.0 = Debug|Any CPU
		{EB20CC1D-ECE6-4BF5-B788-FFB183F03FE0}.Release|Any CPU.ActiveCfg = Release|Any CPU
		{EB20CC1D-ECE6-4BF5-B788-FFB183F03FE0}.Release|Any CPU.Build.0 = Release|Any CPU
		{3BF8DDCE-0E82-4BAE-9B5A-3F6962D7870C}.Debug|Any CPU.ActiveCfg = Debug|Any CPU
		{3BF8DDCE-0E82-4BAE-9B5A-3F6962D7870C}.Debug|Any CPU.Build.0 = Debug|Any CPU
		{3BF8DDCE-0E82-4BAE-9B5A-3F6962D7870C}.Release|Any CPU.ActiveCfg = Release|Any CPU
		{3BF8DDCE-0E82-4BAE-9B5A-3F6962D7870C}.Release|Any CPU.Build.0 = Release|Any CPU
		{967EEA56-A698-47E2-9CF2-F1B4E12C1B10}.Debug|Any CPU.ActiveCfg = Debug|Any CPU
		{967EEA56-A698-47E2-9CF2-F1B4E12C1B10}.Debug|Any CPU.Build.0 = Debug|Any CPU
		{967EEA56-A698-47E2-9CF2-F1B4E12C1B10}.Release|Any CPU.ActiveCfg = Release|Any CPU
		{967EEA56-A698-47E2-9CF2-F1B4E12C1B10}.Release|Any CPU.Build.0 = Release|Any CPU
		{C9025385-3EBF-4DF3-A181-23BFD55F0B87}.Debug|Any CPU.ActiveCfg = Debug|Any CPU
		{C9025385-3EBF-4DF3-A181-23BFD55F0B87}.Debug|Any CPU.Build.0 = Debug|Any CPU
		{C9025385-3EBF-4DF3-A181-23BFD55F0B87}.Release|Any CPU.ActiveCfg = Release|Any CPU
		{C9025385-3EBF-4DF3-A181-23BFD55F0B87}.Release|Any CPU.Build.0 = Release|Any CPU
		{F6CB7814-B047-4BA1-9BD4-9FF8C8797920}.Debug|Any CPU.ActiveCfg = Debug|Any CPU
		{F6CB7814-B047-4BA1-9BD4-9FF8C8797920}.Debug|Any CPU.Build.0 = Debug|Any CPU
		{F6CB7814-B047-4BA1-9BD4-9FF8C8797920}.Release|Any CPU.ActiveCfg = Release|Any CPU
		{F6CB7814-B047-4BA1-9BD4-9FF8C8797920}.Release|Any CPU.Build.0 = Release|Any CPU
		{A2E683E8-71A1-4636-949D-A2D8FEA48E3E}.Debug|Any CPU.ActiveCfg = Debug|Any CPU
		{A2E683E8-71A1-4636-949D-A2D8FEA48E3E}.Debug|Any CPU.Build.0 = Debug|Any CPU
		{A2E683E8-71A1-4636-949D-A2D8FEA48E3E}.Release|Any CPU.ActiveCfg = Release|Any CPU
		{A2E683E8-71A1-4636-949D-A2D8FEA48E3E}.Release|Any CPU.Build.0 = Release|Any CPU
		{A7AB008C-6908-4FBB-82D9-02F093ED5186}.Debug|Any CPU.ActiveCfg = Debug|Any CPU
		{A7AB008C-6908-4FBB-82D9-02F093ED5186}.Debug|Any CPU.Build.0 = Debug|Any CPU
		{A7AB008C-6908-4FBB-82D9-02F093ED5186}.Release|Any CPU.ActiveCfg = Release|Any CPU
		{A7AB008C-6908-4FBB-82D9-02F093ED5186}.Release|Any CPU.Build.0 = Release|Any CPU
		{F4DB852C-7B56-4AB2-9FA6-165680487AF1}.Debug|Any CPU.ActiveCfg = Debug|Any CPU
		{F4DB852C-7B56-4AB2-9FA6-165680487AF1}.Debug|Any CPU.Build.0 = Debug|Any CPU
		{F4DB852C-7B56-4AB2-9FA6-165680487AF1}.Release|Any CPU.ActiveCfg = Release|Any CPU
		{F4DB852C-7B56-4AB2-9FA6-165680487AF1}.Release|Any CPU.Build.0 = Release|Any CPU
		{57216CED-0A70-4FB4-9D27-F78019E2729A}.Debug|Any CPU.ActiveCfg = Debug|Any CPU
		{57216CED-0A70-4FB4-9D27-F78019E2729A}.Debug|Any CPU.Build.0 = Debug|Any CPU
		{57216CED-0A70-4FB4-9D27-F78019E2729A}.Release|Any CPU.ActiveCfg = Release|Any CPU
		{57216CED-0A70-4FB4-9D27-F78019E2729A}.Release|Any CPU.Build.0 = Release|Any CPU
		{A8FD27C6-4C30-47BF-9BC7-CE417DD285C5}.Debug|Any CPU.ActiveCfg = Debug|Any CPU
		{A8FD27C6-4C30-47BF-9BC7-CE417DD285C5}.Debug|Any CPU.Build.0 = Debug|Any CPU
		{A8FD27C6-4C30-47BF-9BC7-CE417DD285C5}.Release|Any CPU.ActiveCfg = Release|Any CPU
		{A8FD27C6-4C30-47BF-9BC7-CE417DD285C5}.Release|Any CPU.Build.0 = Release|Any CPU
		{46C71542-2CE4-4D9B-A961-A1C88B8B68F4}.Debug|Any CPU.ActiveCfg = Debug|Any CPU
		{46C71542-2CE4-4D9B-A961-A1C88B8B68F4}.Debug|Any CPU.Build.0 = Debug|Any CPU
		{46C71542-2CE4-4D9B-A961-A1C88B8B68F4}.Release|Any CPU.ActiveCfg = Release|Any CPU
		{46C71542-2CE4-4D9B-A961-A1C88B8B68F4}.Release|Any CPU.Build.0 = Release|Any CPU
	EndGlobalSection
	GlobalSection(SolutionProperties) = preSolution
		HideSolutionNode = FALSE
	EndGlobalSection
	GlobalSection(NestedProjects) = preSolution
		{D5006AD2-2329-4A41-8508-C6E6442E4358} = {0C39566C-4474-4970-ADDD-D02C9E3F6C5E}
		{A16A219C-11BC-4F99-94B9-24212D8D161B} = {0C39566C-4474-4970-ADDD-D02C9E3F6C5E}
		{581E1BE9-4C1B-40BF-BC3F-957A687D5D9C} = {0C39566C-4474-4970-ADDD-D02C9E3F6C5E}
		{CDFB7CA5-CA7D-43D7-B23F-28BE8B70CEFB} = {E7828CD5-6D8F-4E10-A94A-7D02E4D67D42}
		{78B8F228-8F5B-4A8A-84CF-469CA2CB32B0} = {E7828CD5-6D8F-4E10-A94A-7D02E4D67D42}
		{6DAF3B24-E5C8-4E4C-8FB3-6CAA9EF30AFA} = {D5006AD2-2329-4A41-8508-C6E6442E4358}
		{3A055AEA-E635-4E08-93A5-108F21890096} = {A16A219C-11BC-4F99-94B9-24212D8D161B}
		{14791856-C5C8-4FD4-BD2B-48B6E628A681} = {73DFC737-6717-43B8-98D2-8EEF6AA0CA21}
		{3C7369DC-262A-4442-A5F0-C66432185710} = {CDFB7CA5-CA7D-43D7-B23F-28BE8B70CEFB}
		{91A17CFE-0F8A-419B-97A3-97827FAEF0FD} = {78B8F228-8F5B-4A8A-84CF-469CA2CB32B0}
		{004C6657-ECB7-4BBD-821B-EB0368D1EB03} = {E361AD31-877A-45F3-BCEB-F5FE08465B57}
		{98C252A8-950F-4F22-89EF-DD2C6D70FCB9} = {E361AD31-877A-45F3-BCEB-F5FE08465B57}
		{EB20CC1D-ECE6-4BF5-B788-FFB183F03FE0} = {004C6657-ECB7-4BBD-821B-EB0368D1EB03}
		{3BF8DDCE-0E82-4BAE-9B5A-3F6962D7870C} = {98C252A8-950F-4F22-89EF-DD2C6D70FCB9}
		{967EEA56-A698-47E2-9CF2-F1B4E12C1B10} = {98C252A8-950F-4F22-89EF-DD2C6D70FCB9}
		{FCFF2344-E444-4F83-93D0-24D99E200CDA} = {581E1BE9-4C1B-40BF-BC3F-957A687D5D9C}
		{43E37D68-6E0F-495F-9F00-12784648FDC3} = {581E1BE9-4C1B-40BF-BC3F-957A687D5D9C}
		{C9025385-3EBF-4DF3-A181-23BFD55F0B87} = {43E37D68-6E0F-495F-9F00-12784648FDC3}
		{F6CB7814-B047-4BA1-9BD4-9FF8C8797920} = {FCFF2344-E444-4F83-93D0-24D99E200CDA}
		{A2E683E8-71A1-4636-949D-A2D8FEA48E3E} = {FCFF2344-E444-4F83-93D0-24D99E200CDA}
		{A7AB008C-6908-4FBB-82D9-02F093ED5186} = {43E37D68-6E0F-495F-9F00-12784648FDC3}
		{F7F05DAA-1802-476C-8BF0-16CD3FA5AD01} = {C70E75FA-6C14-445A-8E6F-C19A13303D06}
		{F4DB852C-7B56-4AB2-9FA6-165680487AF1} = {F7F05DAA-1802-476C-8BF0-16CD3FA5AD01}
		{57216CED-0A70-4FB4-9D27-F78019E2729A} = {FCFF2344-E444-4F83-93D0-24D99E200CDA}
		{A8FD27C6-4C30-47BF-9BC7-CE417DD285C5} = {43E37D68-6E0F-495F-9F00-12784648FDC3}
		{46C71542-2CE4-4D9B-A961-A1C88B8B68F4} = {73DFC737-6717-43B8-98D2-8EEF6AA0CA21}
	EndGlobalSection
EndGlobal
