
Microsoft Visual Studio Solution File, Format Version 12.00
# Visual Studio 15
VisualStudioVersion = 15.0.26228.9
MinimumVisualStudioVersion = 10.0.40219.1
Project("{2150E333-8FDC-42A3-9474-1A3956D46DE8}") = "00 - Common", "00 - Common", "{E361AD31-877A-45F3-BCEB-F5FE08465B57}"
EndProject
Project("{2150E333-8FDC-42A3-9474-1A3956D46DE8}") = "01 - Data Layer", "01 - Data Layer", "{0C39566C-4474-4970-ADDD-D02C9E3F6C5E}"
EndProject
Project("{2150E333-8FDC-42A3-9474-1A3956D46DE8}") = "02 - Business Layer", "02 - Business Layer", "{E7828CD5-6D8F-4E10-A94A-7D02E4D67D42}"
EndProject
Project("{2150E333-8FDC-42A3-9474-1A3956D46DE8}") = "01-1 - Data Broker", "01-1 - Data Broker", "{D5006AD2-2329-4A41-8508-C6E6442E4358}"
EndProject
Project("{2150E333-8FDC-42A3-9474-1A3956D46DE8}") = "01-2 - Object Model", "01-2 - Object Model", "{A16A219C-11BC-4F99-94B9-24212D8D161B}"
EndProject
Project("{2150E333-8FDC-42A3-9474-1A3956D46DE8}") = "01-3 - Repository Activities", "01-3 - Repository Activities", "{581E1BE9-4C1B-40BF-BC3F-957A687D5D9C}"
EndProject
Project("{2150E333-8FDC-42A3-9474-1A3956D46DE8}") = "02-1 - Interfaces", "02-1 - Interfaces", "{CDFB7CA5-CA7D-43D7-B23F-28BE8B70CEFB}"
EndProject
Project("{2150E333-8FDC-42A3-9474-1A3956D46DE8}") = "02-2 - Implementation", "02-2 - Implementation", "{78B8F228-8F5B-4A8A-84CF-469CA2CB32B0}"
EndProject
Project("{FAE04EC0-301F-11D3-BF4B-00C04F79EFBC}") = "CompositionRoot", "00 - Common\CompositionRoot\CompositionRoot.csproj", "{EB20CC1D-ECE6-4BF5-B788-FFB183F03FE0}"
EndProject
Project("{FAE04EC0-301F-11D3-BF4B-00C04F79EFBC}") = "DataBroker", "01 - Data Layer\01-1 - Data Broker\DataBroker\DataBroker.csproj", "{6DAF3B24-E5C8-4E4C-8FB3-6CAA9EF30AFA}"
EndProject
Project("{FAE04EC0-301F-11D3-BF4B-00C04F79EFBC}") = "ObjectModel", "01 - Data Layer\01-2 - Object Model\ObjectModel\ObjectModel.csproj", "{3A055AEA-E635-4E08-93A5-108F21890096}"
EndProject
Project("{FAE04EC0-301F-11D3-BF4B-00C04F79EFBC}") = "RepositoryActivities", "01 - Data Layer\01-3 - Repository Activities\RepositoryActivities\RepositoryActivities.csproj", "{C9025385-3EBF-4DF3-A181-23BFD55F0B87}"
EndProject
Project("{FAE04EC0-301F-11D3-BF4B-00C04F79EFBC}") = "Logging", "00 - Common\Logging\Logging.csproj", "{7AE38427-F521-4A63-9581-7E25836BB0FE}"
EndProject
Project("{2150E333-8FDC-42A3-9474-1A3956D46DE8}") = "03 - Service Layer", "03 - Service Layer", "{C70E75FA-6C14-445A-8E6F-C19A13303D06}"
EndProject
Project("{2150E333-8FDC-42A3-9474-1A3956D46DE8}") = "04 - Client Layer", "04 - Client Layer", "{73DFC737-6717-43B8-98D2-8EEF6AA0CA21}"
EndProject
Project("{FAE04EC0-301F-11D3-BF4B-00C04F79EFBC}") = "ConsoleApp", "04 - Client Layer\ConsoleApp\ConsoleApp.csproj", "{14791856-C5C8-4FD4-BD2B-48B6E628A681}"
EndProject
Global
	GlobalSection(SolutionConfigurationPlatforms) = preSolution
		Debug|Any CPU = Debug|Any CPU
		Release|Any CPU = Release|Any CPU
	EndGlobalSection
	GlobalSection(ProjectConfigurationPlatforms) = postSolution
		{EB20CC1D-ECE6-4BF5-B788-FFB183F03FE0}.Debug|Any CPU.ActiveCfg = Debug|Any CPU
		{EB20CC1D-ECE6-4BF5-B788-FFB183F03FE0}.Debug|Any CPU.Build.0 = Debug|Any CPU
		{EB20CC1D-ECE6-4BF5-B788-FFB183F03FE0}.Release|Any CPU.ActiveCfg = Release|Any CPU
		{EB20CC1D-ECE6-4BF5-B788-FFB183F03FE0}.Release|Any CPU.Build.0 = Release|Any CPU
		{6DAF3B24-E5C8-4E4C-8FB3-6CAA9EF30AFA}.Debug|Any CPU.ActiveCfg = Debug|Any CPU
		{6DAF3B24-E5C8-4E4C-8FB3-6CAA9EF30AFA}.Debug|Any CPU.Build.0 = Debug|Any CPU
		{6DAF3B24-E5C8-4E4C-8FB3-6CAA9EF30AFA}.Release|Any CPU.ActiveCfg = Release|Any CPU
		{6DAF3B24-E5C8-4E4C-8FB3-6CAA9EF30AFA}.Release|Any CPU.Build.0 = Release|Any CPU
		{3A055AEA-E635-4E08-93A5-108F21890096}.Debug|Any CPU.ActiveCfg = Debug|Any CPU
		{3A055AEA-E635-4E08-93A5-108F21890096}.Debug|Any CPU.Build.0 = Debug|Any CPU
		{3A055AEA-E635-4E08-93A5-108F21890096}.Release|Any CPU.ActiveCfg = Release|Any CPU
		{3A055AEA-E635-4E08-93A5-108F21890096}.Release|Any CPU.Build.0 = Release|Any CPU
		{C9025385-3EBF-4DF3-A181-23BFD55F0B87}.Debug|Any CPU.ActiveCfg = Debug|Any CPU
		{C9025385-3EBF-4DF3-A181-23BFD55F0B87}.Debug|Any CPU.Build.0 = Debug|Any CPU
		{C9025385-3EBF-4DF3-A181-23BFD55F0B87}.Release|Any CPU.ActiveCfg = Release|Any CPU
		{C9025385-3EBF-4DF3-A181-23BFD55F0B87}.Release|Any CPU.Build.0 = Release|Any CPU
		{7AE38427-F521-4A63-9581-7E25836BB0FE}.Debug|Any CPU.ActiveCfg = Debug|Any CPU
		{7AE38427-F521-4A63-9581-7E25836BB0FE}.Debug|Any CPU.Build.0 = Debug|Any CPU
		{7AE38427-F521-4A63-9581-7E25836BB0FE}.Release|Any CPU.ActiveCfg = Release|Any CPU
		{7AE38427-F521-4A63-9581-7E25836BB0FE}.Release|Any CPU.Build.0 = Release|Any CPU
		{14791856-C5C8-4FD4-BD2B-48B6E628A681}.Debug|Any CPU.ActiveCfg = Debug|Any CPU
		{14791856-C5C8-4FD4-BD2B-48B6E628A681}.Debug|Any CPU.Build.0 = Debug|Any CPU
		{14791856-C5C8-4FD4-BD2B-48B6E628A681}.Release|Any CPU.ActiveCfg = Release|Any CPU
		{14791856-C5C8-4FD4-BD2B-48B6E628A681}.Release|Any CPU.Build.0 = Release|Any CPU
	EndGlobalSection
	GlobalSection(SolutionProperties) = preSolution
		HideSolutionNode = FALSE
	EndGlobalSection
	GlobalSection(NestedProjects) = preSolution
		{D5006AD2-2329-4A41-8508-C6E6442E4358} = {0C39566C-4474-4970-ADDD-D02C9E3F6C5E}
		{A16A219C-11BC-4F99-94B9-24212D8D161B} = {0C39566C-4474-4970-ADDD-D02C9E3F6C5E}
		{581E1BE9-4C1B-40BF-BC3F-957A687D5D9C} = {0C39566C-4474-4970-ADDD-D02C9E3F6C5E}
		{CDFB7CA5-CA7D-43D7-B23F-28BE8B70CEFB} = {E7828CD5-6D8F-4E10-A94A-7D02E4D67D42}
		{78B8F228-8F5B-4A8A-84CF-469CA2CB32B0} = {E7828CD5-6D8F-4E10-A94A-7D02E4D67D42}
		{EB20CC1D-ECE6-4BF5-B788-FFB183F03FE0} = {E361AD31-877A-45F3-BCEB-F5FE08465B57}
		{6DAF3B24-E5C8-4E4C-8FB3-6CAA9EF30AFA} = {D5006AD2-2329-4A41-8508-C6E6442E4358}
		{3A055AEA-E635-4E08-93A5-108F21890096} = {A16A219C-11BC-4F99-94B9-24212D8D161B}
		{C9025385-3EBF-4DF3-A181-23BFD55F0B87} = {581E1BE9-4C1B-40BF-BC3F-957A687D5D9C}
		{7AE38427-F521-4A63-9581-7E25836BB0FE} = {E361AD31-877A-45F3-BCEB-F5FE08465B57}
		{14791856-C5C8-4FD4-BD2B-48B6E628A681} = {73DFC737-6717-43B8-98D2-8EEF6AA0CA21}
	EndGlobalSection
EndGlobal
